
Microsoft Visual Studio Solution File, Format Version 12.00
# Visual Studio Version 16
VisualStudioVersion = 16.0.31624.102
MinimumVisualStudioVersion = 10.0.40219.1
Project("{FAE04EC0-301F-11D3-BF4B-00C04F79EFBC}") = "GOLive", "lab_1\GOLive.csproj", "{F22487E8-05CF-4C59-A33C-50896195A05A}"
EndProject
Global
	GlobalSection(SolutionConfigurationPlatforms) = preSolution
		Debug|Any CPU = Debug|Any CPU
		Release|Any CPU = Release|Any CPU
	EndGlobalSection
	GlobalSection(ProjectConfigurationPlatforms) = postSolution
		{F22487E8-05CF-4C59-A33C-50896195A05A}.Debug|Any CPU.ActiveCfg = Debug|Any CPU
		{F22487E8-05CF-4C59-A33C-50896195A05A}.Debug|Any CPU.Build.0 = Debug|Any CPU
		{F22487E8-05CF-4C59-A33C-50896195A05A}.Release|Any CPU.ActiveCfg = Release|Any CPU
		{F22487E8-05CF-4C59-A33C-50896195A05A}.Release|Any CPU.Build.0 = Release|Any CPU
	EndGlobalSection
	GlobalSection(SolutionProperties) = preSolution
		HideSolutionNode = FALSE
	EndGlobalSection
	GlobalSection(ExtensibilityGlobals) = postSolution
		SolutionGuid = {0823D382-E307-4D0D-BBEC-90656F2B1185}
	EndGlobalSection
EndGlobal
